Microsoft Visual Studio Solution File, Format Version 12.00
# Visual Studio Version 17
VisualStudioVersion = 17.5.2.0
MinimumVisualStudioVersion = 10.0.40219.1
Project("{FAE04EC0-301F-11D3-BF4B-00C04F79EFBC}") = "DesafioFundamentosNovo", "DesafioFundamentos\DesafioFundamentosNovo.csproj", "{A86B8805-9087-98A7-E885-BF87816272D3}"
EndProject
Global
	GlobalSection(SolutionConfigurationPlatforms) = preSolution
		Debug|Any CPU = Debug|Any CPU
		Release|Any CPU = Release|Any CPU
	EndGlobalSection
	GlobalSection(ProjectConfigurationPlatforms) = postSolution
		{A86B8805-9087-98A7-E885-BF87816272D3}.Debug|Any CPU.ActiveCfg = Debug|Any CPU
		{A86B8805-9087-98A7-E885-BF87816272D3}.Debug|Any CPU.Build.0 = Debug|Any CPU
		{A86B8805-9087-98A7-E885-BF87816272D3}.Release|Any CPU.ActiveCfg = Release|Any CPU
		{A86B8805-9087-98A7-E885-BF87816272D3}.Release|Any CPU.Build.0 = Release|Any CPU
	EndGlobalSection
	GlobalSection(SolutionProperties) = preSolution
		HideSolutionNode = FALSE
	EndGlobalSection
	GlobalSection(ExtensibilityGlobals) = postSolution
		SolutionGuid = {4085F018-DAB1-41AA-9863-75D048CF8CF1}
	EndGlobalSection
EndGlobal
